
Microsoft Visual Studio Solution File, Format Version 12.00
# Visual Studio 15
Project("{FAE04EC0-301F-11D3-BF4B-00C04F79EFBC}") = "Assembly-CSharp", "Assembly-CSharp.csproj", "{8E361DCD-5184-3ED4-7285-BA905684981F}"
EndProject
Project("{FAE04EC0-301F-11D3-BF4B-00C04F79EFBC}") = "endel.nativewebsocket", "endel.nativewebsocket.csproj", "{6B4585DA-4264-4EE2-542F-AAECA8740259}"
EndProject
Global
	GlobalSection(SolutionConfigurationPlatforms) = preSolution
		Debug|Any CPU = Debug|Any CPU
		Release|Any CPU = Release|Any CPU
	EndGlobalSection
	GlobalSection(ProjectConfigurationPlatforms) = postSolution
		{8E361DCD-5184-3ED4-7285-BA905684981F}.Debug|Any CPU.ActiveCfg = Debug|Any CPU
		{8E361DCD-5184-3ED4-7285-BA905684981F}.Debug|Any CPU.Build.0 = Debug|Any CPU
		{8E361DCD-5184-3ED4-7285-BA905684981F}.Release|Any CPU.ActiveCfg = Release|Any CPU
		{8E361DCD-5184-3ED4-7285-BA905684981F}.Release|Any CPU.Build.0 = Release|Any CPU
		{6B4585DA-4264-4EE2-542F-AAECA8740259}.Debug|Any CPU.ActiveCfg = Debug|Any CPU
		{6B4585DA-4264-4EE2-542F-AAECA8740259}.Debug|Any CPU.Build.0 = Debug|Any CPU
		{6B4585DA-4264-4EE2-542F-AAECA8740259}.Release|Any CPU.ActiveCfg = Release|Any CPU
		{6B4585DA-4264-4EE2-542F-AAECA8740259}.Release|Any CPU.Build.0 = Release|Any CPU
	EndGlobalSection
	GlobalSection(SolutionProperties) = preSolution
		HideSolutionNode = FALSE
	EndGlobalSection
EndGlobal
